
Microsoft Visual Studio Solution File, Format Version 12.00
# Visual Studio Version 16
VisualStudioVersion = 16.0.32002.261
MinimumVisualStudioVersion = 10.0.40219.1
Project("{FAE04EC0-301F-11D3-BF4B-00C04F79EFBC}") = "AndroidRotation1", "AndroidRotation1\AndroidRotation1.csproj", "{EC8B3691-55E8-4C70-8F99-5F16EDD518AB}"
EndProject
Global
	GlobalSection(SolutionConfigurationPlatforms) = preSolution
		Debug|Any CPU = Debug|Any CPU
		Release|Any CPU = Release|Any CPU
	EndGlobalSection
	GlobalSection(ProjectConfigurationPlatforms) = postSolution
		{EC8B3691-55E8-4C70-8F99-5F16EDD518AB}.Debug|Any CPU.ActiveCfg = Debug|Any CPU
		{EC8B3691-55E8-4C70-8F99-5F16EDD518AB}.Debug|Any CPU.Build.0 = Debug|Any CPU
		{EC8B3691-55E8-4C70-8F99-5F16EDD518AB}.Debug|Any CPU.Deploy.0 = Debug|Any CPU
		{EC8B3691-55E8-4C70-8F99-5F16EDD518AB}.Release|Any CPU.ActiveCfg = Release|Any CPU
		{EC8B3691-55E8-4C70-8F99-5F16EDD518AB}.Release|Any CPU.Build.0 = Release|Any CPU
		{EC8B3691-55E8-4C70-8F99-5F16EDD518AB}.Release|Any CPU.Deploy.0 = Release|Any CPU
	EndGlobalSection
	GlobalSection(SolutionProperties) = preSolution
		HideSolutionNode = FALSE
	EndGlobalSection
	GlobalSection(ExtensibilityGlobals) = postSolution
		SolutionGuid = {16D34BB7-697B-4C78-83C6-690EC1F696C2}
	EndGlobalSection
EndGlobal
